// !$*UTF8*$!
{ archiveVersion = "1"; classes = {  }; objectVersion = "56"; objects = { 9EC86439CB067C66ED02BFB4 = { isa = "PBXFileReference"; lastKnownFileType = "sourcecode.swift"; path = "YourDartClub/App/AirPlayBoardStream.swift"; sourceTree = "<group>"; }; AEC17E28E094E1AE25EE21A5 = { isa = "PBXFileReference"; lastKnownFileType = "sourcecode.swift"; path = "YourDartClub/App/AppLanguage.swift"; sourceTree = "<group>"; }; FBC596D8F058DBD1BE39E710 = { isa = "PBXFileReference"; lastKnownFileType = "sourcecode.swift"; path = "YourDartClub/App/AppModel.swift"; sourceTree = "<group>"; }; A5A1A4ED8BC9C5D3F8A9CAA7 = { isa = "PBXFileReference"; lastKnownFileType = "sourcecode.swift"; path = "YourDartClub/App/BoardCasting.swift"; sourceTree = "<group>"; }; 7F4C4D5756B27E1FACF23BE4 = { isa = "PBXFileReference"; lastKnownFileType = "sourcecode.swift"; path = "YourDartClub/App/ClubStyle.swift"; sourceTree = "<group>"; }; 868075146CFEDDFA83CEF9E4 = { isa = "PBXFileReference"; lastKnownFileType = "sourcecode.swift"; path = "YourDartClub/App/GameView.swift"; sourceTree = "<group>"; }; 8ACFE34809278228ECFBF4D4 = { isa = "PBXFileReference"; lastKnownFileType = "sourcecode.swift"; path = "YourDartClub/App/LegalInformationView.swift"; sourceTree = "<group>"; }; 72F366ADA6385443EB570EE0 = { isa = "PBXFileReference"; lastKnownFileType = "sourcecode.swift"; path = "YourDartClub/App/MobileAPI.swift"; sourceTree = "<group>"; }; FE1A495BF5C15704A47C41F2 = { isa = "PBXFileReference"; lastKnownFileType = "sourcecode.swift"; path = "YourDartClub/App/PlayersView.swift"; sourceTree = "<group>"; }; CC8D76F6A96D3531EDF48B8E = { isa = "PBXFileReference"; lastKnownFileType = "sourcecode.swift"; path = "YourDartClub/App/RegisterAccountView.swift"; sourceTree = "<group>"; }; 263918E8759FC756858B16EC = { isa = "PBXFileReference"; lastKnownFileType = "sourcecode.swift"; path = "YourDartClub/App/TeamBoardView.swift"; sourceTree = "<group>"; }; 1A28D9340B1F9B925A56ECDD = { isa = "PBXFileReference"; lastKnownFileType = "sourcecode.swift"; path = "YourDartClub/App/TeamPlatformView.swift"; sourceTree = "<group>"; }; 07AEC59DB1A9FF575E1AD2AA = { isa = "PBXFileReference"; lastKnownFileType = "sourcecode.swift"; path = "YourDartClub/App/TeamSubscriptionView.swift"; sourceTree = "<group>"; }; E64464B71B96C03355A7D338 = { isa = "PBXFileReference"; lastKnownFileType = "sourcecode.swift"; path = "YourDartClub/App/TeamView.swift"; sourceTree = "<group>"; }; D2FEBE22CFA610C62778F277 = { isa = "PBXFileReference"; lastKnownFileType = "sourcecode.swift"; path = "YourDartClub/App/YourDartClubApp.swift"; sourceTree = "<group>"; }; 594D42434BF720AD4FBF0C6F = { isa = "PBXFileReference"; lastKnownFileType = "sourcecode.swift"; path = "YourDartClub/Core/Game.swift"; sourceTree = "<group>"; }; 75818FEBA6E697F88400FC90 = { isa = "PBXFileReference"; lastKnownFileType = "sourcecode.swift"; path = "YourDartClub/Core/GameDatabase.swift"; sourceTree = "<group>"; }; D15A6B17B2F47414F38C1825 = { isa = "PBXFileReference"; lastKnownFileType = "sourcecode.swift"; path = "YourDartClub/Core/LiveBoardStream.swift"; sourceTree = "<group>"; }; 7DBADCA782E7E7042C9C1539 = { isa = "PBXFileReference"; lastKnownFileType = "sourcecode.swift"; path = "YourDartClub/Core/Platform.swift"; sourceTree = "<group>"; }; E772D9073EF94D435B267246 = { isa = "PBXFileReference"; lastKnownFileType = "sourcecode.swift"; path = "YourDartClub/Core/ScoreEntry.swift"; sourceTree = "<group>"; }; 7C2B2AB04A7ABE5E47BAC76E = { isa = "PBXFileReference"; lastKnownFileType = "sourcecode.swift"; path = "YourDartClub/Core/SyncQueue.swift"; sourceTree = "<group>"; }; 0756790A29F2DA00F54931A6 = { isa = "PBXFileReference"; lastKnownFileType = "sourcecode.c.objc"; path = "Vendor/protobuf-3.21.12/objectivec/GPBProtocolBuffers.m"; sourceTree = "<group>"; }; 1E3031A8C8CA281F8D50CA0F = { isa = "PBXFileReference"; lastKnownFileType = "folder.assetcatalog"; path = "YourDartClub/Resources/Assets.xcassets"; sourceTree = "<group>"; }; 1F7FD03A58848187DFA9DE12 = { isa = "PBXFileReference"; lastKnownFileType = "wrapper.xcframework"; path = "Vendor/GoogleCast483/GoogleCast.xcframework"; sourceTree = "<group>"; }; 1AFAA00ACF707DF112FC7382 = { isa = "PBXFileReference"; lastKnownFileType = "wrapper.plug-in"; path = "Vendor/GoogleCast483/GoogleCast.xcframework/ios-arm64/GoogleCast.framework/GoogleCastCoreResources.bundle"; sourceTree = "<group>"; }; B6F1E7E5431D6AAB0C3D83B9 = { isa = "PBXFileReference"; lastKnownFileType = "wrapper.plug-in"; path = "Vendor/GoogleCast483/GoogleCast.xcframework/ios-arm64/GoogleCast.framework/GoogleCastUIResources.bundle"; sourceTree = "<group>"; }; 45A224FCBBEC6E4754231B3C = { isa = "PBXFileReference"; lastKnownFileType = "wrapper.plug-in"; path = "Vendor/GoogleCast483/GoogleCast.xcframework/ios-arm64/GoogleCast.framework/MaterialDialogs.bundle"; sourceTree = "<group>"; }; 5ADB2C8767B14B46A8107DDB = { isa = "PBXFileReference"; lastKnownFileType = "text.xml"; path = "YourDartClub/Resources/PrivacyInfo.xcprivacy"; sourceTree = "<group>"; }; C5FCB14D7B9121401B306565 = { isa = "PBXFileReference"; lastKnownFileType = "folder"; path = "Vendor/GoogleCast483/OpenSourceLicenses"; sourceTree = "<group>"; }; FEA52E12E65DE6EFDE8E01E7 = { isa = "PBXFileReference"; lastKnownFileType = "text"; path = "YourDartClub/Resources/Protobuf-LICENSE.txt"; sourceTree = "<group>"; }; 32AE9C4C833AFAB3641CB631 = { isa = "PBXFileReference"; lastKnownFileType = "text.plist.strings"; path = "YourDartClub/Resources/nl.lproj/Localizable.strings"; sourceTree = "<group>"; name = "nl"; }; AEECFC5437137ABFFF2F6CC8 = { isa = "PBXFileReference"; lastKnownFileType = "text.plist.strings"; path = "YourDartClub/Resources/en.lproj/Localizable.strings"; sourceTree = "<group>"; name = "en"; }; 190F63C14D7DB109069A1E78 = { isa = "PBXFileReference"; lastKnownFileType = "text.plist.strings"; path = "YourDartClub/Resources/fr.lproj/Localizable.strings"; sourceTree = "<group>"; name = "fr"; }; 4D991660C0FE5E83453582F8 = { isa = "PBXFileReference"; lastKnownFileType = "text.plist.strings"; path = "YourDartClub/Resources/de.lproj/Localizable.strings"; sourceTree = "<group>"; name = "de"; }; 82792A940AEB9DBA2EEAA46C = { isa = "PBXVariantGroup"; children = ("32AE9C4C833AFAB3641CB631","AEECFC5437137ABFFF2F6CC8","190F63C14D7DB109069A1E78","4D991660C0FE5E83453582F8"); name = "Localizable.strings"; sourceTree = "<group>"; }; 38A007151ABE87CC01A5B6E9 = { isa = "PBXFileReference"; explicitFileType = "wrapper.application"; path = "YourDartClub.app"; sourceTree = "BUILT_PRODUCTS_DIR"; }; B28B7AF69320201D1CF206EB = { isa = "PBXGroup"; children = ("9EC86439CB067C66ED02BFB4","AEC17E28E094E1AE25EE21A5","FBC596D8F058DBD1BE39E710","A5A1A4ED8BC9C5D3F8A9CAA7","7F4C4D5756B27E1FACF23BE4","868075146CFEDDFA83CEF9E4","8ACFE34809278228ECFBF4D4","72F366ADA6385443EB570EE0","FE1A495BF5C15704A47C41F2","CC8D76F6A96D3531EDF48B8E","263918E8759FC756858B16EC","1A28D9340B1F9B925A56ECDD","07AEC59DB1A9FF575E1AD2AA","E64464B71B96C03355A7D338","D2FEBE22CFA610C62778F277","594D42434BF720AD4FBF0C6F","75818FEBA6E697F88400FC90","D15A6B17B2F47414F38C1825","7DBADCA782E7E7042C9C1539","E772D9073EF94D435B267246","7C2B2AB04A7ABE5E47BAC76E","0756790A29F2DA00F54931A6","1E3031A8C8CA281F8D50CA0F","1AFAA00ACF707DF112FC7382","B6F1E7E5431D6AAB0C3D83B9","45A224FCBBEC6E4754231B3C","5ADB2C8767B14B46A8107DDB","C5FCB14D7B9121401B306565","FEA52E12E65DE6EFDE8E01E7","82792A940AEB9DBA2EEAA46C","1F7FD03A58848187DFA9DE12","38A007151ABE87CC01A5B6E9"); sourceTree = "<group>"; }; EEC90F25A7EE4A115606AB4B = { isa = "PBXBuildFile"; fileRef = "9EC86439CB067C66ED02BFB4"; }; 36E950102707CE97F3CAB723 = { isa = "PBXBuildFile"; fileRef = "AEC17E28E094E1AE25EE21A5"; }; 72F1FB608E2B0D43738009DC = { isa = "PBXBuildFile"; fileRef = "FBC596D8F058DBD1BE39E710"; }; 5D7BE280C062F6B671B28DF2 = { isa = "PBXBuildFile"; fileRef = "A5A1A4ED8BC9C5D3F8A9CAA7"; }; C4C892BFD07205EA6862B7EE = { isa = "PBXBuildFile"; fileRef = "7F4C4D5756B27E1FACF23BE4"; }; EC1395EA84E340553777EE73 = { isa = "PBXBuildFile"; fileRef = "868075146CFEDDFA83CEF9E4"; }; A9A439D36DDDC0BB70C69ED1 = { isa = "PBXBuildFile"; fileRef = "8ACFE34809278228ECFBF4D4"; }; 260F55AE0BE8EE67AB55C2F3 = { isa = "PBXBuildFile"; fileRef = "72F366ADA6385443EB570EE0"; }; 9DB41E9EA163E148EB7CAF28 = { isa = "PBXBuildFile"; fileRef = "FE1A495BF5C15704A47C41F2"; }; 220139BE014108335A7F60A7 = { isa = "PBXBuildFile"; fileRef = "CC8D76F6A96D3531EDF48B8E"; }; C835972F400B0BE1BB2A97B9 = { isa = "PBXBuildFile"; fileRef = "263918E8759FC756858B16EC"; }; 86BB65973334304A67F5940B = { isa = "PBXBuildFile"; fileRef = "1A28D9340B1F9B925A56ECDD"; }; B1458F89EBFF110FD6A756DC = { isa = "PBXBuildFile"; fileRef = "07AEC59DB1A9FF575E1AD2AA"; }; EA889EB278DAAA495A969354 = { isa = "PBXBuildFile"; fileRef = "E64464B71B96C03355A7D338"; }; 1F24001D6E22A19A7078037A = { isa = "PBXBuildFile"; fileRef = "D2FEBE22CFA610C62778F277"; }; F21498D06ECA25C481D368F9 = { isa = "PBXBuildFile"; fileRef = "594D42434BF720AD4FBF0C6F"; }; 78947F7509307946C48BC575 = { isa = "PBXBuildFile"; fileRef = "75818FEBA6E697F88400FC90"; }; 46A77EED2F1616F3132EA978 = { isa = "PBXBuildFile"; fileRef = "D15A6B17B2F47414F38C1825"; }; 64A6E67B255533EABBCCCD07 = { isa = "PBXBuildFile"; fileRef = "7DBADCA782E7E7042C9C1539"; }; B4847A4D5CDB7210598EE06E = { isa = "PBXBuildFile"; fileRef = "E772D9073EF94D435B267246"; }; 407936FD37BD11CA2D024354 = { isa = "PBXBuildFile"; fileRef = "7C2B2AB04A7ABE5E47BAC76E"; }; 148DAF31D688AA209E246983 = { isa = "PBXBuildFile"; fileRef = "0756790A29F2DA00F54931A6"; settings = { COMPILER_FLAGS = "-fno-objc-arc -Wno-deprecated-declarations"; }; }; BCE16DD0260827ECF338C787 = { isa = "PBXSourcesBuildPhase"; buildActionMask = "2147483647"; files = ("EEC90F25A7EE4A115606AB4B","36E950102707CE97F3CAB723","72F1FB608E2B0D43738009DC","5D7BE280C062F6B671B28DF2","C4C892BFD07205EA6862B7EE","EC1395EA84E340553777EE73","A9A439D36DDDC0BB70C69ED1","260F55AE0BE8EE67AB55C2F3","9DB41E9EA163E148EB7CAF28","220139BE014108335A7F60A7","C835972F400B0BE1BB2A97B9","86BB65973334304A67F5940B","B1458F89EBFF110FD6A756DC","EA889EB278DAAA495A969354","1F24001D6E22A19A7078037A","F21498D06ECA25C481D368F9","78947F7509307946C48BC575","46A77EED2F1616F3132EA978","64A6E67B255533EABBCCCD07","B4847A4D5CDB7210598EE06E","407936FD37BD11CA2D024354","148DAF31D688AA209E246983"); runOnlyForDeploymentPostprocessing = "0"; }; BC38A489DF2F4A2B54258AA9 = { isa = "PBXBuildFile"; fileRef = "1E3031A8C8CA281F8D50CA0F"; }; 1C43A659713663E1DDFA9233 = { isa = "PBXBuildFile"; fileRef = "1AFAA00ACF707DF112FC7382"; }; 51A503FFDDCB41B1F1CEE782 = { isa = "PBXBuildFile"; fileRef = "B6F1E7E5431D6AAB0C3D83B9"; }; 96C734AB7788C1DC3E121026 = { isa = "PBXBuildFile"; fileRef = "45A224FCBBEC6E4754231B3C"; }; FBD32067FD0C8532EBD7FB17 = { isa = "PBXBuildFile"; fileRef = "5ADB2C8767B14B46A8107DDB"; }; 61AC578C3729579E42E49D3B = { isa = "PBXBuildFile"; fileRef = "C5FCB14D7B9121401B306565"; }; 94EBA2F1F8FC78B8A87218A8 = { isa = "PBXBuildFile"; fileRef = "FEA52E12E65DE6EFDE8E01E7"; }; 215EC7A64BDC69B05BF39A61 = { isa = "PBXBuildFile"; fileRef = "82792A940AEB9DBA2EEAA46C"; }; 0189424A5A60FED329FA868E = { isa = "PBXResourcesBuildPhase"; buildActionMask = "2147483647"; files = ("BC38A489DF2F4A2B54258AA9","1C43A659713663E1DDFA9233","51A503FFDDCB41B1F1CEE782","96C734AB7788C1DC3E121026","FBD32067FD0C8532EBD7FB17","61AC578C3729579E42E49D3B","94EBA2F1F8FC78B8A87218A8","215EC7A64BDC69B05BF39A61"); runOnlyForDeploymentPostprocessing = "0"; }; DAE9E8D5C92BD15E3675AE30 = { isa = "PBXBuildFile"; fileRef = "1F7FD03A58848187DFA9DE12"; }; 7561BFB015D8F536760CB671 = { isa = "PBXFrameworksBuildPhase"; buildActionMask = "2147483647"; files = ("DAE9E8D5C92BD15E3675AE30"); runOnlyForDeploymentPostprocessing = "0"; }; 07D3F1CA79E2231E556750FE = { isa = "XCBuildConfiguration"; buildSettings = { SDKROOT = "iphoneos"; IPHONEOS_DEPLOYMENT_TARGET = "17.0"; SWIFT_VERSION = "5.0"; CLANG_ENABLE_MODULES = "YES"; SWIFT_OPTIMIZATION_LEVEL = "-Onone"; DEVELOPMENT_TEAM = "RGT59UYFZ6"; HEADER_SEARCH_PATHS = ("$(inherited)","$(SRCROOT)/Vendor/protobuf-3.21.12/objectivec"); PRODUCT_BUNDLE_IDENTIFIER = "com.yourdartclub.iphone"; PRODUCT_NAME = "YourDartClub"; TARGETED_DEVICE_FAMILY = "1,2"; INFOPLIST_FILE = "YourDartClub/Info-Debug.plist"; ASSETCATALOG_COMPILER_APPICON_NAME = "AppIcon"; CODE_SIGN_STYLE = "Automatic"; OTHER_LDFLAGS = ("$(inherited)","-lsqlite3","-ObjC","-lc++","-framework","AVFoundation","-framework","AVKit","-framework","AVRouting"); SWIFT_ACTIVE_COMPILATION_CONDITIONS = "DEBUG"; }; name = "Debug"; }; 25E88E249746E60DF1226E01 = { isa = "XCBuildConfiguration"; buildSettings = { SDKROOT = "iphoneos"; IPHONEOS_DEPLOYMENT_TARGET = "17.0"; SWIFT_VERSION = "5.0"; CLANG_ENABLE_MODULES = "YES"; SWIFT_OPTIMIZATION_LEVEL = "-O"; DEVELOPMENT_TEAM = "RGT59UYFZ6"; HEADER_SEARCH_PATHS = ("$(inherited)","$(SRCROOT)/Vendor/protobuf-3.21.12/objectivec"); PRODUCT_BUNDLE_IDENTIFIER = "com.yourdartclub.iphone"; PRODUCT_NAME = "YourDartClub"; TARGETED_DEVICE_FAMILY = "1,2"; INFOPLIST_FILE = "YourDartClub/Info-Release.plist"; ASSETCATALOG_COMPILER_APPICON_NAME = "AppIcon"; CODE_SIGN_STYLE = "Automatic"; OTHER_LDFLAGS = ("$(inherited)","-lsqlite3","-ObjC","-lc++","-framework","AVFoundation","-framework","AVKit","-framework","AVRouting"); SWIFT_ACTIVE_COMPILATION_CONDITIONS = ""; }; name = "Release"; }; C57128001CE614BF8549D6BB = { isa = "XCConfigurationList"; buildConfigurations = ("07D3F1CA79E2231E556750FE","25E88E249746E60DF1226E01"); defaultConfigurationIsVisible = "0"; defaultConfigurationName = "Release"; }; 0E8A3AD980EC179856012B7E = { isa = "PBXNativeTarget"; buildConfigurationList = "C57128001CE614BF8549D6BB"; buildPhases = ("BCE16DD0260827ECF338C787","0189424A5A60FED329FA868E","7561BFB015D8F536760CB671"); buildRules = (); dependencies = (); name = "YourDartClub"; productName = "YourDartClub"; productReference = "38A007151ABE87CC01A5B6E9"; productType = "com.apple.product-type.application"; }; 926D836D8E1793B35EB7E17F = { isa = "XCBuildConfiguration"; buildSettings = { SDKROOT = "iphoneos"; IPHONEOS_DEPLOYMENT_TARGET = "17.0"; SWIFT_VERSION = "5.0"; CLANG_ENABLE_MODULES = "YES"; SWIFT_OPTIMIZATION_LEVEL = "-Onone"; }; name = "Debug"; }; B1D0114E80EAB18FFCADF054 = { isa = "XCBuildConfiguration"; buildSettings = { SDKROOT = "iphoneos"; IPHONEOS_DEPLOYMENT_TARGET = "17.0"; SWIFT_VERSION = "5.0"; CLANG_ENABLE_MODULES = "YES"; SWIFT_OPTIMIZATION_LEVEL = "-O"; }; name = "Release"; }; 862894B703A6DEDF96A9DD6C = { isa = "XCConfigurationList"; buildConfigurations = ("926D836D8E1793B35EB7E17F","B1D0114E80EAB18FFCADF054"); defaultConfigurationIsVisible = "0"; defaultConfigurationName = "Release"; }; 98F54143AB4E86B28C3AFEE0 = { isa = "PBXProject"; attributes = { LastUpgradeCheck = "1620"; }; buildConfigurationList = "862894B703A6DEDF96A9DD6C"; compatibilityVersion = "Xcode 14.0"; developmentRegion = "nl"; hasScannedForEncodings = "0"; knownRegions = ("nl","en","fr","de","Base"); mainGroup = "B28B7AF69320201D1CF206EB"; projectDirPath = ""; projectRoot = ""; targets = ("0E8A3AD980EC179856012B7E"); }; }; rootObject = "98F54143AB4E86B28C3AFEE0"; }