// !$*UTF8*$!
{ archiveVersion = "1"; classes = {  }; objectVersion = "56"; objects = { FBC596D8F058DBD1BE39E710 = { isa = "PBXFileReference"; lastKnownFileType = "sourcecode.swift"; path = "YourDartClub/App/AppModel.swift"; sourceTree = "<group>"; }; 7F4C4D5756B27E1FACF23BE4 = { isa = "PBXFileReference"; lastKnownFileType = "sourcecode.swift"; path = "YourDartClub/App/ClubStyle.swift"; sourceTree = "<group>"; }; 868075146CFEDDFA83CEF9E4 = { isa = "PBXFileReference"; lastKnownFileType = "sourcecode.swift"; path = "YourDartClub/App/GameView.swift"; sourceTree = "<group>"; }; 72F366ADA6385443EB570EE0 = { isa = "PBXFileReference"; lastKnownFileType = "sourcecode.swift"; path = "YourDartClub/App/MobileAPI.swift"; sourceTree = "<group>"; }; FE1A495BF5C15704A47C41F2 = { isa = "PBXFileReference"; lastKnownFileType = "sourcecode.swift"; path = "YourDartClub/App/PlayersView.swift"; sourceTree = "<group>"; }; D2FEBE22CFA610C62778F277 = { isa = "PBXFileReference"; lastKnownFileType = "sourcecode.swift"; path = "YourDartClub/App/YourDartClubApp.swift"; sourceTree = "<group>"; }; 594D42434BF720AD4FBF0C6F = { isa = "PBXFileReference"; lastKnownFileType = "sourcecode.swift"; path = "YourDartClub/Core/Game.swift"; sourceTree = "<group>"; }; 75818FEBA6E697F88400FC90 = { isa = "PBXFileReference"; lastKnownFileType = "sourcecode.swift"; path = "YourDartClub/Core/GameDatabase.swift"; sourceTree = "<group>"; }; E772D9073EF94D435B267246 = { isa = "PBXFileReference"; lastKnownFileType = "sourcecode.swift"; path = "YourDartClub/Core/ScoreEntry.swift"; sourceTree = "<group>"; }; 7C2B2AB04A7ABE5E47BAC76E = { isa = "PBXFileReference"; lastKnownFileType = "sourcecode.swift"; path = "YourDartClub/Core/SyncQueue.swift"; sourceTree = "<group>"; }; 1E3031A8C8CA281F8D50CA0F = { isa = "PBXFileReference"; lastKnownFileType = "folder.assetcatalog"; path = "YourDartClub/Resources/Assets.xcassets"; sourceTree = "<group>"; }; 32AE9C4C833AFAB3641CB631 = { isa = "PBXFileReference"; lastKnownFileType = "text.plist.strings"; path = "YourDartClub/Resources/nl.lproj/Localizable.strings"; sourceTree = "<group>"; name = "nl"; }; AEECFC5437137ABFFF2F6CC8 = { isa = "PBXFileReference"; lastKnownFileType = "text.plist.strings"; path = "YourDartClub/Resources/en.lproj/Localizable.strings"; sourceTree = "<group>"; name = "en"; }; 190F63C14D7DB109069A1E78 = { isa = "PBXFileReference"; lastKnownFileType = "text.plist.strings"; path = "YourDartClub/Resources/fr.lproj/Localizable.strings"; sourceTree = "<group>"; name = "fr"; }; 4D991660C0FE5E83453582F8 = { isa = "PBXFileReference"; lastKnownFileType = "text.plist.strings"; path = "YourDartClub/Resources/de.lproj/Localizable.strings"; sourceTree = "<group>"; name = "de"; }; 82792A940AEB9DBA2EEAA46C = { isa = "PBXVariantGroup"; children = ("32AE9C4C833AFAB3641CB631","AEECFC5437137ABFFF2F6CC8","190F63C14D7DB109069A1E78","4D991660C0FE5E83453582F8"); name = "Localizable.strings"; sourceTree = "<group>"; }; 38A007151ABE87CC01A5B6E9 = { isa = "PBXFileReference"; explicitFileType = "wrapper.application"; path = "YourDartClub.app"; sourceTree = "BUILT_PRODUCTS_DIR"; }; B28B7AF69320201D1CF206EB = { isa = "PBXGroup"; children = ("FBC596D8F058DBD1BE39E710","7F4C4D5756B27E1FACF23BE4","868075146CFEDDFA83CEF9E4","72F366ADA6385443EB570EE0","FE1A495BF5C15704A47C41F2","D2FEBE22CFA610C62778F277","594D42434BF720AD4FBF0C6F","75818FEBA6E697F88400FC90","E772D9073EF94D435B267246","7C2B2AB04A7ABE5E47BAC76E","1E3031A8C8CA281F8D50CA0F","82792A940AEB9DBA2EEAA46C","38A007151ABE87CC01A5B6E9"); sourceTree = "<group>"; }; 72F1FB608E2B0D43738009DC = { isa = "PBXBuildFile"; fileRef = "FBC596D8F058DBD1BE39E710"; }; C4C892BFD07205EA6862B7EE = { isa = "PBXBuildFile"; fileRef = "7F4C4D5756B27E1FACF23BE4"; }; EC1395EA84E340553777EE73 = { isa = "PBXBuildFile"; fileRef = "868075146CFEDDFA83CEF9E4"; }; 260F55AE0BE8EE67AB55C2F3 = { isa = "PBXBuildFile"; fileRef = "72F366ADA6385443EB570EE0"; }; 9DB41E9EA163E148EB7CAF28 = { isa = "PBXBuildFile"; fileRef = "FE1A495BF5C15704A47C41F2"; }; 1F24001D6E22A19A7078037A = { isa = "PBXBuildFile"; fileRef = "D2FEBE22CFA610C62778F277"; }; F21498D06ECA25C481D368F9 = { isa = "PBXBuildFile"; fileRef = "594D42434BF720AD4FBF0C6F"; }; 78947F7509307946C48BC575 = { isa = "PBXBuildFile"; fileRef = "75818FEBA6E697F88400FC90"; }; B4847A4D5CDB7210598EE06E = { isa = "PBXBuildFile"; fileRef = "E772D9073EF94D435B267246"; }; 407936FD37BD11CA2D024354 = { isa = "PBXBuildFile"; fileRef = "7C2B2AB04A7ABE5E47BAC76E"; }; BCE16DD0260827ECF338C787 = { isa = "PBXSourcesBuildPhase"; buildActionMask = "2147483647"; files = ("72F1FB608E2B0D43738009DC","C4C892BFD07205EA6862B7EE","EC1395EA84E340553777EE73","260F55AE0BE8EE67AB55C2F3","9DB41E9EA163E148EB7CAF28","1F24001D6E22A19A7078037A","F21498D06ECA25C481D368F9","78947F7509307946C48BC575","B4847A4D5CDB7210598EE06E","407936FD37BD11CA2D024354"); runOnlyForDeploymentPostprocessing = "0"; }; BC38A489DF2F4A2B54258AA9 = { isa = "PBXBuildFile"; fileRef = "1E3031A8C8CA281F8D50CA0F"; }; 215EC7A64BDC69B05BF39A61 = { isa = "PBXBuildFile"; fileRef = "82792A940AEB9DBA2EEAA46C"; }; 0189424A5A60FED329FA868E = { isa = "PBXResourcesBuildPhase"; buildActionMask = "2147483647"; files = ("BC38A489DF2F4A2B54258AA9","215EC7A64BDC69B05BF39A61"); runOnlyForDeploymentPostprocessing = "0"; }; 7561BFB015D8F536760CB671 = { isa = "PBXFrameworksBuildPhase"; buildActionMask = "2147483647"; files = (); runOnlyForDeploymentPostprocessing = "0"; }; 07D3F1CA79E2231E556750FE = { isa = "XCBuildConfiguration"; buildSettings = { SDKROOT = "iphoneos"; IPHONEOS_DEPLOYMENT_TARGET = "17.0"; SWIFT_VERSION = "5.0"; CLANG_ENABLE_MODULES = "YES"; SWIFT_OPTIMIZATION_LEVEL = "-Onone"; PRODUCT_BUNDLE_IDENTIFIER = "com.yourdartclub.iphone"; PRODUCT_NAME = "YourDartClub"; TARGETED_DEVICE_FAMILY = "1,2"; INFOPLIST_FILE = "YourDartClub/Info-Debug.plist"; ASSETCATALOG_COMPILER_APPICON_NAME = "AppIcon"; CODE_SIGN_STYLE = "Automatic"; OTHER_LDFLAGS = ("$(inherited)","-lsqlite3"); SWIFT_ACTIVE_COMPILATION_CONDITIONS = "DEBUG"; }; name = "Debug"; }; 25E88E249746E60DF1226E01 = { isa = "XCBuildConfiguration"; buildSettings = { SDKROOT = "iphoneos"; IPHONEOS_DEPLOYMENT_TARGET = "17.0"; SWIFT_VERSION = "5.0"; CLANG_ENABLE_MODULES = "YES"; SWIFT_OPTIMIZATION_LEVEL = "-O"; PRODUCT_BUNDLE_IDENTIFIER = "com.yourdartclub.iphone"; PRODUCT_NAME = "YourDartClub"; TARGETED_DEVICE_FAMILY = "1,2"; INFOPLIST_FILE = "YourDartClub/Info-Release.plist"; ASSETCATALOG_COMPILER_APPICON_NAME = "AppIcon"; CODE_SIGN_STYLE = "Automatic"; OTHER_LDFLAGS = ("$(inherited)","-lsqlite3"); SWIFT_ACTIVE_COMPILATION_CONDITIONS = ""; }; name = "Release"; }; C57128001CE614BF8549D6BB = { isa = "XCConfigurationList"; buildConfigurations = ("07D3F1CA79E2231E556750FE","25E88E249746E60DF1226E01"); defaultConfigurationIsVisible = "0"; defaultConfigurationName = "Release"; }; 0E8A3AD980EC179856012B7E = { isa = "PBXNativeTarget"; buildConfigurationList = "C57128001CE614BF8549D6BB"; buildPhases = ("BCE16DD0260827ECF338C787","0189424A5A60FED329FA868E","7561BFB015D8F536760CB671"); buildRules = (); dependencies = (); name = "YourDartClub"; productName = "YourDartClub"; productReference = "38A007151ABE87CC01A5B6E9"; productType = "com.apple.product-type.application"; }; 926D836D8E1793B35EB7E17F = { isa = "XCBuildConfiguration"; buildSettings = { SDKROOT = "iphoneos"; IPHONEOS_DEPLOYMENT_TARGET = "17.0"; SWIFT_VERSION = "5.0"; CLANG_ENABLE_MODULES = "YES"; SWIFT_OPTIMIZATION_LEVEL = "-Onone"; }; name = "Debug"; }; B1D0114E80EAB18FFCADF054 = { isa = "XCBuildConfiguration"; buildSettings = { SDKROOT = "iphoneos"; IPHONEOS_DEPLOYMENT_TARGET = "17.0"; SWIFT_VERSION = "5.0"; CLANG_ENABLE_MODULES = "YES"; SWIFT_OPTIMIZATION_LEVEL = "-O"; }; name = "Release"; }; 862894B703A6DEDF96A9DD6C = { isa = "XCConfigurationList"; buildConfigurations = ("926D836D8E1793B35EB7E17F","B1D0114E80EAB18FFCADF054"); defaultConfigurationIsVisible = "0"; defaultConfigurationName = "Release"; }; 98F54143AB4E86B28C3AFEE0 = { isa = "PBXProject"; attributes = { LastUpgradeCheck = "1620"; }; buildConfigurationList = "862894B703A6DEDF96A9DD6C"; compatibilityVersion = "Xcode 14.0"; developmentRegion = "nl"; hasScannedForEncodings = "0"; knownRegions = ("nl","en","fr","de","Base"); mainGroup = "B28B7AF69320201D1CF206EB"; projectDirPath = ""; projectRoot = ""; targets = ("0E8A3AD980EC179856012B7E"); }; }; rootObject = "98F54143AB4E86B28C3AFEE0"; }